
Microsoft Visual Studio Solution File, Format Version 12.00
# Visual Studio 15
VisualStudioVersion = 15.0.26730.16
MinimumVisualStudioVersion = 10.0.40219.1
Project("{FAE04EC0-301F-11D3-BF4B-00C04F79EFBC}") = "Ranitas", "Ranitas\Ranitas.csproj", "{33138142-52A2-422D-BA72-41543FDD58E8}"
EndProject
Project("{FAE04EC0-301F-11D3-BF4B-00C04F79EFBC}") = "RanitasData", "RanitasData\RanitasData.csproj", "{F9977623-C4A3-4179-9027-B05B7CD2C37E}"
EndProject
Project("{FAE04EC0-301F-11D3-BF4B-00C04F79EFBC}") = "CoreUnitTests", "UnitTests\CoreUnitTests\CoreUnitTests.csproj", "{8AE54E60-55B2-449B-8DCD-9BC1A775251B}"
EndProject
Global
	GlobalSection(SolutionConfigurationPlatforms) = preSolution
		Debug|Any CPU = Debug|Any CPU
		Release|Any CPU = Release|Any CPU
	EndGlobalSection
	GlobalSection(ProjectConfigurationPlatforms) = postSolution
		{33138142-52A2-422D-BA72-41543FDD58E8}.Debug|Any CPU.ActiveCfg = Debug|Any CPU
		{33138142-52A2-422D-BA72-41543FDD58E8}.Debug|Any CPU.Build.0 = Debug|Any CPU
		{33138142-52A2-422D-BA72-41543FDD58E8}.Release|Any CPU.ActiveCfg = Release|Any CPU
		{33138142-52A2-422D-BA72-41543FDD58E8}.Release|Any CPU.Build.0 = Release|Any CPU
		{F9977623-C4A3-4179-9027-B05B7CD2C37E}.Debug|Any CPU.ActiveCfg = Debug|Any CPU
		{F9977623-C4A3-4179-9027-B05B7CD2C37E}.Debug|Any CPU.Build.0 = Debug|Any CPU
		{F9977623-C4A3-4179-9027-B05B7CD2C37E}.Release|Any CPU.ActiveCfg = Release|Any CPU
		{F9977623-C4A3-4179-9027-B05B7CD2C37E}.Release|Any CPU.Build.0 = Release|Any CPU
		{8AE54E60-55B2-449B-8DCD-9BC1A775251B}.Debug|Any CPU.ActiveCfg = Debug|Any CPU
		{8AE54E60-55B2-449B-8DCD-9BC1A775251B}.Debug|Any CPU.Build.0 = Debug|Any CPU
		{8AE54E60-55B2-449B-8DCD-9BC1A775251B}.Release|Any CPU.ActiveCfg = Release|Any CPU
		{8AE54E60-55B2-449B-8DCD-9BC1A775251B}.Release|Any CPU.Build.0 = Release|Any CPU
	EndGlobalSection
	GlobalSection(SolutionProperties) = preSolution
		HideSolutionNode = FALSE
	EndGlobalSection
	GlobalSection(ExtensibilityGlobals) = postSolution
		SolutionGuid = {1BB6426E-97F7-4EDD-A573-26026AB53EF6}
	EndGlobalSection
EndGlobal
